
Microsoft Visual Studio Solution File, Format Version 12.00
# Visual Studio 15
VisualStudioVersion = 15.0.27004.2006
MinimumVisualStudioVersion = 10.0.40219.1
Project("{FAE04EC0-301F-11D3-BF4B-00C04F79EFBC}") = "News.Api", "News.Api\News.Api.csproj", "{CF91B1FA-591C-4A33-B33A-ED1BAFC9F3D0}"
EndProject
Project("{FAE04EC0-301F-11D3-BF4B-00C04F79EFBC}") = "News.Data", "News.Data\News.Data.csproj", "{DA0616FC-6433-4BB0-97BB-26367ACAB2C8}"
EndProject
Project("{FAE04EC0-301F-11D3-BF4B-00C04F79EFBC}") = "News.Services", "News.Services\News.Services.csproj", "{982906E4-07D6-4DC4-A84E-9556461CE214}"
EndProject
Project("{FAE04EC0-301F-11D3-BF4B-00C04F79EFBC}") = "News.Common", "News.Common\News.Common.csproj", "{A04B1309-602D-4FC4-A972-B9FC2690452C}"
EndProject
Global
	GlobalSection(SolutionConfigurationPlatforms) = preSolution
		Debug|Any CPU = Debug|Any CPU
		Release|Any CPU = Release|Any CPU
	EndGlobalSection
	GlobalSection(ProjectConfigurationPlatforms) = postSolution
		{CF91B1FA-591C-4A33-B33A-ED1BAFC9F3D0}.Debug|Any CPU.ActiveCfg = Debug|Any CPU
		{CF91B1FA-591C-4A33-B33A-ED1BAFC9F3D0}.Debug|Any CPU.Build.0 = Debug|Any CPU
		{CF91B1FA-591C-4A33-B33A-ED1BAFC9F3D0}.Release|Any CPU.ActiveCfg = Release|Any CPU
		{CF91B1FA-591C-4A33-B33A-ED1BAFC9F3D0}.Release|Any CPU.Build.0 = Release|Any CPU
		{DA0616FC-6433-4BB0-97BB-26367ACAB2C8}.Debug|Any CPU.ActiveCfg = Debug|Any CPU
		{DA0616FC-6433-4BB0-97BB-26367ACAB2C8}.Debug|Any CPU.Build.0 = Debug|Any CPU
		{DA0616FC-6433-4BB0-97BB-26367ACAB2C8}.Release|Any CPU.ActiveCfg = Release|Any CPU
		{DA0616FC-6433-4BB0-97BB-26367ACAB2C8}.Release|Any CPU.Build.0 = Release|Any CPU
		{982906E4-07D6-4DC4-A84E-9556461CE214}.Debug|Any CPU.ActiveCfg = Debug|Any CPU
		{982906E4-07D6-4DC4-A84E-9556461CE214}.Debug|Any CPU.Build.0 = Debug|Any CPU
		{982906E4-07D6-4DC4-A84E-9556461CE214}.Release|Any CPU.ActiveCfg = Release|Any CPU
		{982906E4-07D6-4DC4-A84E-9556461CE214}.Release|Any CPU.Build.0 = Release|Any CPU
		{A04B1309-602D-4FC4-A972-B9FC2690452C}.Debug|Any CPU.ActiveCfg = Debug|Any CPU
		{A04B1309-602D-4FC4-A972-B9FC2690452C}.Debug|Any CPU.Build.0 = Debug|Any CPU
		{A04B1309-602D-4FC4-A972-B9FC2690452C}.Release|Any CPU.ActiveCfg = Release|Any CPU
		{A04B1309-602D-4FC4-A972-B9FC2690452C}.Release|Any CPU.Build.0 = Release|Any CPU
	EndGlobalSection
	GlobalSection(SolutionProperties) = preSolution
		HideSolutionNode = FALSE
	EndGlobalSection
	GlobalSection(ExtensibilityGlobals) = postSolution
		SolutionGuid = {194C93DC-9BD9-4C0E-BDD9-DAEC8D5B1796}
	EndGlobalSection
EndGlobal
